
Microsoft Visual Studio Solution File, Format Version 12.00
# Visual Studio Version 17
VisualStudioVersion = 17.4.33213.308
MinimumVisualStudioVersion = 10.0.40219.1
Project("{FAE04EC0-301F-11D3-BF4B-00C04F79EFBC}") = "Palindrome_Exercise.NET6", "Palindrome_Exercise.NET6\Palindrome_Exercise.NET6.csproj", "{2C3B5203-D64F-43EE-91B0-0EAE2BA74572}"
EndProject
Project("{FAE04EC0-301F-11D3-BF4B-00C04F79EFBC}") = "Palindrome_Exercise.NET6.Tests", "Palindrome_Exercise.NET6.Tests\Palindrome_Exercise.NET6.Tests.csproj", "{0F87AB0E-2438-409D-B59F-A14EF54DA2BC}"
EndProject
Global
	GlobalSection(SolutionConfigurationPlatforms) = preSolution
		Debug|Any CPU = Debug|Any CPU
		Release|Any CPU = Release|Any CPU
	EndGlobalSection
	GlobalSection(ProjectConfigurationPlatforms) = postSolution
		{2C3B5203-D64F-43EE-91B0-0EAE2BA74572}.Debug|Any CPU.ActiveCfg = Debug|Any CPU
		{2C3B5203-D64F-43EE-91B0-0EAE2BA74572}.Debug|Any CPU.Build.0 = Debug|Any CPU
		{2C3B5203-D64F-43EE-91B0-0EAE2BA74572}.Release|Any CPU.ActiveCfg = Release|Any CPU
		{2C3B5203-D64F-43EE-91B0-0EAE2BA74572}.Release|Any CPU.Build.0 = Release|Any CPU
		{0F87AB0E-2438-409D-B59F-A14EF54DA2BC}.Debug|Any CPU.ActiveCfg = Debug|Any CPU
		{0F87AB0E-2438-409D-B59F-A14EF54DA2BC}.Debug|Any CPU.Build.0 = Debug|Any CPU
		{0F87AB0E-2438-409D-B59F-A14EF54DA2BC}.Release|Any CPU.ActiveCfg = Release|Any CPU
		{0F87AB0E-2438-409D-B59F-A14EF54DA2BC}.Release|Any CPU.Build.0 = Release|Any CPU
	EndGlobalSection
	GlobalSection(SolutionProperties) = preSolution
		HideSolutionNode = FALSE
	EndGlobalSection
	GlobalSection(ExtensibilityGlobals) = postSolution
		SolutionGuid = {6B5FFDE7-2257-4C9D-B1A3-231D8C081749}
	EndGlobalSection
EndGlobal
